
Microsoft Visual Studio Solution File, Format Version 12.00
# Visual Studio Version 17
VisualStudioVersion = 17.12.35527.113
MinimumVisualStudioVersion = 10.0.40219.1
Project("{FAE04EC0-301F-11D3-BF4B-00C04F79EFBC}") = "CW2D", "CW2D\CW2D.csproj", "{F626E302-8CAC-4BF5-9C6E-1990830482A5}"
EndProject
Global
	GlobalSection(SolutionConfigurationPlatforms) = preSolution
		Debug|Any CPU = Debug|Any CPU
		Release|Any CPU = Release|Any CPU
	EndGlobalSection
	GlobalSection(ProjectConfigurationPlatforms) = postSolution
		{F626E302-8CAC-4BF5-9C6E-1990830482A5}.Debug|Any CPU.ActiveCfg = Debug|Any CPU
		{F626E302-8CAC-4BF5-9C6E-1990830482A5}.Debug|Any CPU.Build.0 = Debug|Any CPU
		{F626E302-8CAC-4BF5-9C6E-1990830482A5}.Release|Any CPU.ActiveCfg = Release|Any CPU
		{F626E302-8CAC-4BF5-9C6E-1990830482A5}.Release|Any CPU.Build.0 = Release|Any CPU
	EndGlobalSection
	GlobalSection(SolutionProperties) = preSolution
		HideSolutionNode = FALSE
	EndGlobalSection
	GlobalSection(ExtensibilityGlobals) = postSolution
		SolutionGuid = {DC0FA05A-69F1-4510-A027-172F566389F7}
	EndGlobalSection
EndGlobal
